
Microsoft Visual Studio Solution File, Format Version 12.00
# Visual Studio 15
VisualStudioVersion = 15.0.27703.2035
MinimumVisualStudioVersion = 10.0.40219.1
Project("{8BC9CEB8-8B4A-11D0-8D11-00A0C91BC942}") = "subway_", "subway_\subway_.vcxproj", "{76D1D695-C195-400C-88A8-236ED1BCE47E}"
EndProject
Global
	GlobalSection(SolutionConfigurationPlatforms) = preSolution
		Debug|x64 = Debug|x64
		Debug|x86 = Debug|x86
		Release|x64 = Release|x64
		Release|x86 = Release|x86
	EndGlobalSection
	GlobalSection(ProjectConfigurationPlatforms) = postSolution
		{76D1D695-C195-400C-88A8-236ED1BCE47E}.Debug|x64.ActiveCfg = Debug|x64
		{76D1D695-C195-400C-88A8-236ED1BCE47E}.Debug|x64.Build.0 = Debug|x64
		{76D1D695-C195-400C-88A8-236ED1BCE47E}.Debug|x86.ActiveCfg = Debug|Win32
		{76D1D695-C195-400C-88A8-236ED1BCE47E}.Debug|x86.Build.0 = Debug|Win32
		{76D1D695-C195-400C-88A8-236ED1BCE47E}.Release|x64.ActiveCfg = Release|x64
		{76D1D695-C195-400C-88A8-236ED1BCE47E}.Release|x64.Build.0 = Release|x64
		{76D1D695-C195-400C-88A8-236ED1BCE47E}.Release|x86.ActiveCfg = Release|Win32
		{76D1D695-C195-400C-88A8-236ED1BCE47E}.Release|x86.Build.0 = Release|Win32
	EndGlobalSection
	GlobalSection(SolutionProperties) = preSolution
		HideSolutionNode = FALSE
	EndGlobalSection
	GlobalSection(ExtensibilityGlobals) = postSolution
		SolutionGuid = {3A986163-51F0-4D0D-B8D5-AC4D5A72344C}
	EndGlobalSection
EndGlobal
